
Microsoft Visual Studio Solution File, Format Version 12.00
# Visual Studio Version 17
VisualStudioVersion = 17.1.32421.90
MinimumVisualStudioVersion = 10.0.40219.1
Project("{FAE04EC0-301F-11D3-BF4B-00C04F79EFBC}") = "Inforce.WebApi", "Inforce.WebApi\Inforce.WebApi.csproj", "{4F12794B-463C-4F53-A423-8605B7123174}"
EndProject
Project("{FAE04EC0-301F-11D3-BF4B-00C04F79EFBC}") = "Inforce.Domain", "Inforce.Domain\Inforce.Domain.csproj", "{C87A8295-1848-42FA-B0F6-65D4434D4CCB}"
EndProject
Project("{FAE04EC0-301F-11D3-BF4B-00C04F79EFBC}") = "Inforce.Repository", "Inforce.Repository\Inforce.Repository.csproj", "{AC70194F-AAEC-49FD-B349-7852EB41BB02}"
EndProject
Project("{FAE04EC0-301F-11D3-BF4B-00C04F79EFBC}") = "Inforce.Service", "Inforce.Service\Inforce.Service.csproj", "{2BC0F78A-BF03-4845-B1F7-1372E0BC9AA7}"
EndProject
Project("{FAE04EC0-301F-11D3-BF4B-00C04F79EFBC}") = "Inforce.Test", "Inforce.Test\Inforce.Test.csproj", "{9BEEEAEF-F126-4E5D-BB17-88EFBDBC9125}"
EndProject
Global
	GlobalSection(SolutionConfigurationPlatforms) = preSolution
		Debug|Any CPU = Debug|Any CPU
		Release|Any CPU = Release|Any CPU
	EndGlobalSection
	GlobalSection(ProjectConfigurationPlatforms) = postSolution
		{4F12794B-463C-4F53-A423-8605B7123174}.Debug|Any CPU.ActiveCfg = Debug|Any CPU
		{4F12794B-463C-4F53-A423-8605B7123174}.Debug|Any CPU.Build.0 = Debug|Any CPU
		{4F12794B-463C-4F53-A423-8605B7123174}.Release|Any CPU.ActiveCfg = Release|Any CPU
		{4F12794B-463C-4F53-A423-8605B7123174}.Release|Any CPU.Build.0 = Release|Any CPU
		{C87A8295-1848-42FA-B0F6-65D4434D4CCB}.Debug|Any CPU.ActiveCfg = Debug|Any CPU
		{C87A8295-1848-42FA-B0F6-65D4434D4CCB}.Debug|Any CPU.Build.0 = Debug|Any CPU
		{C87A8295-1848-42FA-B0F6-65D4434D4CCB}.Release|Any CPU.ActiveCfg = Release|Any CPU
		{C87A8295-1848-42FA-B0F6-65D4434D4CCB}.Release|Any CPU.Build.0 = Release|Any CPU
		{AC70194F-AAEC-49FD-B349-7852EB41BB02}.Debug|Any CPU.ActiveCfg = Debug|Any CPU
		{AC70194F-AAEC-49FD-B349-7852EB41BB02}.Debug|Any CPU.Build.0 = Debug|Any CPU
		{AC70194F-AAEC-49FD-B349-7852EB41BB02}.Release|Any CPU.ActiveCfg = Release|Any CPU
		{AC70194F-AAEC-49FD-B349-7852EB41BB02}.Release|Any CPU.Build.0 = Release|Any CPU
		{2BC0F78A-BF03-4845-B1F7-1372E0BC9AA7}.Debug|Any CPU.ActiveCfg = Debug|Any CPU
		{2BC0F78A-BF03-4845-B1F7-1372E0BC9AA7}.Debug|Any CPU.Build.0 = Debug|Any CPU
		{2BC0F78A-BF03-4845-B1F7-1372E0BC9AA7}.Release|Any CPU.ActiveCfg = Release|Any CPU
		{2BC0F78A-BF03-4845-B1F7-1372E0BC9AA7}.Release|Any CPU.Build.0 = Release|Any CPU
		{9BEEEAEF-F126-4E5D-BB17-88EFBDBC9125}.Debug|Any CPU.ActiveCfg = Debug|Any CPU
		{9BEEEAEF-F126-4E5D-BB17-88EFBDBC9125}.Debug|Any CPU.Build.0 = Debug|Any CPU
		{9BEEEAEF-F126-4E5D-BB17-88EFBDBC9125}.Release|Any CPU.ActiveCfg = Release|Any CPU
		{9BEEEAEF-F126-4E5D-BB17-88EFBDBC9125}.Release|Any CPU.Build.0 = Release|Any CPU
	EndGlobalSection
	GlobalSection(SolutionProperties) = preSolution
		HideSolutionNode = FALSE
	EndGlobalSection
	GlobalSection(ExtensibilityGlobals) = postSolution
		SolutionGuid = {9633BE18-0144-4070-BC70-757D5E03B58C}
	EndGlobalSection
EndGlobal
